// !$*UTF8*$!
{
	archiveVersion = 1;
	classes = {
	};
	objectVersion = 48;
	objects = {

/* Begin PBXBuildFile section */
		0521BD2A203742D5000D0DFD /* HouseListTableViewController.swift in Sources */ = {isa = PBXBuildFile; fileRef = 0521BD28203742D5000D0DFD /* HouseListTableViewController.swift */; };
		0521BD2B203742D5000D0DFD /* HouseListTableViewController.xib in Resources */ = {isa = PBXBuildFile; fileRef = 0521BD29203742D5000D0DFD /* HouseListTableViewController.xib */; };
		0526BBF62030DB36003E278C /* AppDelegate.swift in Sources */ = {isa = PBXBuildFile; fileRef = 0526BBF52030DB36003E278C /* AppDelegate.swift */; };
		0526BBFD2030DB36003E278C /* Assets.xcassets in Resources */ = {isa = PBXBuildFile; fileRef = 0526BBFC2030DB36003E278C /* Assets.xcassets */; };
		0526BC002030DB36003E278C /* LaunchScreen.storyboard in Resources */ = {isa = PBXBuildFile; fileRef = 0526BBFE2030DB36003E278C /* LaunchScreen.storyboard */; };
		0526BC162030ECB7003E278C /* HouseTests.swift in Sources */ = {isa = PBXBuildFile; fileRef = 0526BC152030ECB7003E278C /* HouseTests.swift */; };
		0526BC182030EE1F003E278C /* House.swift in Sources */ = {isa = PBXBuildFile; fileRef = 0526BC172030EE1F003E278C /* House.swift */; };
		0526BC1B2030F548003E278C /* PersonTests.swift in Sources */ = {isa = PBXBuildFile; fileRef = 0526BC1A2030F548003E278C /* PersonTests.swift */; };
		0526BC1D2030F5B5003E278C /* Person.swift in Sources */ = {isa = PBXBuildFile; fileRef = 0526BC1C2030F5B5003E278C /* Person.swift */; };
		05356FC1203B68BE00DD5902 /* MemberListViewController.swift in Sources */ = {isa = PBXBuildFile; fileRef = 05356FBF203B68BE00DD5902 /* MemberListViewController.swift */; };
		05356FC2203B68BE00DD5902 /* MemberListViewController.xib in Resources */ = {isa = PBXBuildFile; fileRef = 05356FC0203B68BE00DD5902 /* MemberListViewController.xib */; };
		0546FA0C203238C000E0F003 /* codeIsComing.png in Resources */ = {isa = PBXBuildFile; fileRef = 0546FA09203238C000E0F003 /* codeIsComing.png */; };
		0546FA0D203238C000E0F003 /* targaryenSmall.jpg in Resources */ = {isa = PBXBuildFile; fileRef = 0546FA0A203238C000E0F003 /* targaryenSmall.jpg */; };
		0546FA0E203238C000E0F003 /* lannister.jpg in Resources */ = {isa = PBXBuildFile; fileRef = 0546FA0B203238C000E0F003 /* lannister.jpg */; };
		0546FA1220323A8700E0F003 /* HouseDetailViewController.swift in Sources */ = {isa = PBXBuildFile; fileRef = 0546FA1020323A8700E0F003 /* HouseDetailViewController.swift */; };
		0546FA1320323A8700E0F003 /* HouseDetailViewController.xib in Resources */ = {isa = PBXBuildFile; fileRef = 0546FA1120323A8700E0F003 /* HouseDetailViewController.xib */; };
		056D06BA20337C890051A23F /* UIViewController+Additions.swift in Sources */ = {isa = PBXBuildFile; fileRef = 056D06B920337C890051A23F /* UIViewController+Additions.swift */; };
		056D06BC203380800051A23F /* FactoryTests.swift in Sources */ = {isa = PBXBuildFile; fileRef = 056D06BB203380800051A23F /* FactoryTests.swift */; };
		056D06BE2033816F0051A23F /* Repository.swift in Sources */ = {isa = PBXBuildFile; fileRef = 056D06BD2033816F0051A23F /* Repository.swift */; };
		05C13A0A20362B8F00D63E08 /* WikiViewController.swift in Sources */ = {isa = PBXBuildFile; fileRef = 05C13A0820362B8F00D63E08 /* WikiViewController.swift */; };
		05C13A0B20362B8F00D63E08 /* WikiViewController.xib in Resources */ = {isa = PBXBuildFile; fileRef = 05C13A0920362B8F00D63E08 /* WikiViewController.xib */; };
/* End PBXBuildFile section */

/* Begin PBXContainerItemProxy section */
		0526BC072030DB36003E278C /* PBXContainerItemProxy */ = {
			isa = PBXContainerItemProxy;
			containerPortal = 0526BBEA2030DB36003E278C /* Project object */;
			proxyType = 1;
			remoteGlobalIDString = 0526BBF12030DB36003E278C;
			remoteInfo = Westeros;
		};
/* End PBXContainerItemProxy section */

/* Begin PBXFileReference section */
		0521BD28203742D5000D0DFD /* HouseListTableViewController.swift */ = {isa = PBXFileReference; lastKnownFileType = sourcecode.swift; path = HouseListTableViewController.swift; sourceTree = "<group>"; };
		0521BD29203742D5000D0DFD /* HouseListTableViewController.xib */ = {isa = PBXFileReference; lastKnownFileType = file.xib; path = HouseListTableViewController.xib; sourceTree = "<group>"; };
		0526BBF22030DB36003E278C /* Westeros.app */ = {isa = PBXFileReference; explicitFileType = wrapper.application; includeInIndex = 0; path = Westeros.app; sourceTree = BUILT_PRODUCTS_DIR; };
		0526BBF52030DB36003E278C /* AppDelegate.swift */ = {isa = PBXFileReference; lastKnownFileType = sourcecode.swift; path = AppDelegate.swift; sourceTree = "<group>"; };
		0526BBFC2030DB36003E278C /* Assets.xcassets */ = {isa = PBXFileReference; lastKnownFileType = folder.assetcatalog; path = Assets.xcassets; sourceTree = "<group>"; };
		0526BBFF2030DB36003E278C /* Base */ = {isa = PBXFileReference; lastKnownFileType = file.storyboard; name = Base; path = Base.lproj/LaunchScreen.storyboard; sourceTree = "<group>"; };
		0526BC012030DB36003E278C /* Info.plist */ = {isa = PBXFileReference; lastKnownFileType = text.plist.xml; path = Info.plist; sourceTree = "<group>"; };
		0526BC062030DB36003E278C /* WesterosTests.xctest */ = {isa = PBXFileReference; explicitFileType = wrapper.cfbundle; includeInIndex = 0; path = WesterosTests.xctest; sourceTree = BUILT_PRODUCTS_DIR; };
		0526BC0C2030DB36003E278C /* Info.plist */ = {isa = PBXFileReference; lastKnownFileType = text.plist.xml; path = Info.plist; sourceTree = "<group>"; };
		0526BC152030ECB7003E278C /* HouseTests.swift */ = {isa = PBXFileReference; lastKnownFileType = sourcecode.swift; path = HouseTests.swift; sourceTree = "<group>"; };
		0526BC172030EE1F003E278C /* House.swift */ = {isa = PBXFileReference; lastKnownFileType = sourcecode.swift; path = House.swift; sourceTree = "<group>"; };
		0526BC1A2030F548003E278C /* PersonTests.swift */ = {isa = PBXFileReference; lastKnownFileType = sourcecode.swift; path = PersonTests.swift; sourceTree = "<group>"; };
		0526BC1C2030F5B5003E278C /* Person.swift */ = {isa = PBXFileReference; lastKnownFileType = sourcecode.swift; path = Person.swift; sourceTree = "<group>"; };
		05356FBF203B68BE00DD5902 /* MemberListViewController.swift */ = {isa = PBXFileReference; lastKnownFileType = sourcecode.swift; path = MemberListViewController.swift; sourceTree = "<group>"; };
		05356FC0203B68BE00DD5902 /* MemberListViewController.xib */ = {isa = PBXFileReference; lastKnownFileType = file.xib; path = MemberListViewController.xib; sourceTree = "<group>"; };
		0546FA09203238C000E0F003 /* codeIsComing.png */ = {isa = PBXFileReference; lastKnownFileType = image.png; path = codeIsComing.png; sourceTree = "<group>"; };
		0546FA0A203238C000E0F003 /* targaryenSmall.jpg */ = {isa = PBXFileReference; lastKnownFileType = image.jpeg; path = targaryenSmall.jpg; sourceTree = "<group>"; };
		0546FA0B203238C000E0F003 /* lannister.jpg */ = {isa = PBXFileReference; lastKnownFileType = image.jpeg; path = lannister.jpg; sourceTree = "<group>"; };
		0546FA1020323A8700E0F003 /* HouseDetailViewController.swift */ = {isa = PBXFileReference; lastKnownFileType = sourcecode.swift; path = HouseDetailViewController.swift; sourceTree = "<group>"; };
		0546FA1120323A8700E0F003 /* HouseDetailViewController.xib */ = {isa = PBXFileReference; lastKnownFileType = file.xib; path = HouseDetailViewController.xib; sourceTree = "<group>"; };
		056D06B920337C890051A23F /* UIViewController+Additions.swift */ = {isa = PBXFileReference; lastKnownFileType = sourcecode.swift; path = "UIViewController+Additions.swift"; sourceTree = "<group>"; };
		056D06BB203380800051A23F /* FactoryTests.swift */ = {isa = PBXFileReference; lastKnownFileType = sourcecode.swift; path = FactoryTests.swift; sourceTree = "<group>"; };
		056D06BD2033816F0051A23F /* Repository.swift */ = {isa = PBXFileReference; lastKnownFileType = sourcecode.swift; path = Repository.swift; sourceTree = "<group>"; };
		05C13A0820362B8F00D63E08 /* WikiViewController.swift */ = {isa = PBXFileReference; lastKnownFileType = sourcecode.swift; path = WikiViewController.swift; sourceTree = "<group>"; };
		05C13A0920362B8F00D63E08 /* WikiViewController.xib */ = {isa = PBXFileReference; lastKnownFileType = file.xib; path = WikiViewController.xib; sourceTree = "<group>"; };
/* End PBXFileReference section */

/* Begin PBXFrameworksBuildPhase section */
		0526BBEF2030DB36003E278C /* Frameworks */ = {
			isa = PBXFrameworksBuildPhase;
			buildActionMask = 2147483647;
			files = (
			);
			runOnlyForDeploymentPostprocessing = 0;
		};
		0526BC032030DB36003E278C /* Frameworks */ = {
			isa = PBXFrameworksBuildPhase;
			buildActionMask = 2147483647;
			files = (
			);
			runOnlyForDeploymentPostprocessing = 0;
		};
/* End PBXFrameworksBuildPhase section */

/* Begin PBXGroup section */
		0526BBE92030DB36003E278C = {
			isa = PBXGroup;
			children = (
				0526BBF42030DB36003E278C /* Westeros */,
				0526BC092030DB36003E278C /* WesterosTests */,
				0526BBF32030DB36003E278C /* Products */,
			);
			sourceTree = "<group>";
		};
		0526BBF32030DB36003E278C /* Products */ = {
			isa = PBXGroup;
			children = (
				0526BBF22030DB36003E278C /* Westeros.app */,
				0526BC062030DB36003E278C /* WesterosTests.xctest */,
			);
			name = Products;
			sourceTree = "<group>";
		};
		0526BBF42030DB36003E278C /* Westeros */ = {
			isa = PBXGroup;
			children = (
				0526BBF52030DB36003E278C /* AppDelegate.swift */,
				0526BBFC2030DB36003E278C /* Assets.xcassets */,
				0526BBFE2030DB36003E278C /* LaunchScreen.storyboard */,
				0526BC012030DB36003E278C /* Info.plist */,
				056D06B820337C1B0051A23F /* UIKitExtensions */,
				0546FA1420323A9000E0F003 /* Controllers */,
				0526BC192030F39C003E278C /* Model */,
				0546FA0F2032390200E0F003 /* Assets */,
			);
			path = Westeros;
			sourceTree = "<group>";
		};
		0526BC092030DB36003E278C /* WesterosTests */ = {
			isa = PBXGroup;
			children = (
				0526BC0C2030DB36003E278C /* Info.plist */,
				0526BC152030ECB7003E278C /* HouseTests.swift */,
				0526BC1A2030F548003E278C /* PersonTests.swift */,
				056D06BB203380800051A23F /* FactoryTests.swift */,
			);
			path = WesterosTests;
			sourceTree = "<group>";
		};
		0526BC192030F39C003E278C /* Model */ = {
			isa = PBXGroup;
			children = (
				0526BC172030EE1F003E278C /* House.swift */,
				0526BC1C2030F5B5003E278C /* Person.swift */,
				056D06BD2033816F0051A23F /* Repository.swift */,
			);
			path = Model;
			sourceTree = "<group>";
		};
		0546FA0F2032390200E0F003 /* Assets */ = {
			isa = PBXGroup;
			children = (
				0546FA09203238C000E0F003 /* codeIsComing.png */,
				0546FA0B203238C000E0F003 /* lannister.jpg */,
				0546FA0A203238C000E0F003 /* targaryenSmall.jpg */,
			);
			path = Assets;
			sourceTree = "<group>";
		};
		0546FA1420323A9000E0F003 /* Controllers */ = {
			isa = PBXGroup;
			children = (
				0546FA1020323A8700E0F003 /* HouseDetailViewController.swift */,
				0546FA1120323A8700E0F003 /* HouseDetailViewController.xib */,
				05C13A0820362B8F00D63E08 /* WikiViewController.swift */,
				05C13A0920362B8F00D63E08 /* WikiViewController.xib */,
				0521BD28203742D5000D0DFD /* HouseListTableViewController.swift */,
				0521BD29203742D5000D0DFD /* HouseListTableViewController.xib */,
				05356FBF203B68BE00DD5902 /* MemberListViewController.swift */,
				05356FC0203B68BE00DD5902 /* MemberListViewController.xib */,
			);
			path = Controllers;
			sourceTree = "<group>";
		};
		056D06B820337C1B0051A23F /* UIKitExtensions */ = {
			isa = PBXGroup;
			children = (
				056D06B920337C890051A23F /* UIViewController+Additions.swift */,
			);
			path = UIKitExtensions;
			sourceTree = "<group>";
		};
/* End PBXGroup section */

/* Begin PBXNativeTarget section */
		0526BBF12030DB36003E278C /* Westeros */ = {
			isa = PBXNativeTarget;
			buildConfigurationList = 0526BC0F2030DB36003E278C /* Build configuration list for PBXNativeTarget "Westeros" */;
			buildPhases = (
				0526BBEE2030DB36003E278C /* Sources */,
				0526BBEF2030DB36003E278C /* Frameworks */,
				0526BBF02030DB36003E278C /* Resources */,
			);
			buildRules = (
			);
			dependencies = (
			);
			name = Westeros;
			productName = Westeros;
			productReference = 0526BBF22030DB36003E278C /* Westeros.app */;
			productType = "com.apple.product-type.application";
		};
		0526BC052030DB36003E278C /* WesterosTests */ = {
			isa = PBXNativeTarget;
			buildConfigurationList = 0526BC122030DB36003E278C /* Build configuration list for PBXNativeTarget "WesterosTests" */;
			buildPhases = (
				0526BC022030DB36003E278C /* Sources */,
				0526BC032030DB36003E278C /* Frameworks */,
				0526BC042030DB36003E278C /* Resources */,
			);
			buildRules = (
			);
			dependencies = (
				0526BC082030DB36003E278C /* PBXTargetDependency */,
			);
			name = WesterosTests;
			productName = WesterosTests;
			productReference = 0526BC062030DB36003E278C /* WesterosTests.xctest */;
			productType = "com.apple.product-type.bundle.unit-test";
		};
/* End PBXNativeTarget section */

/* Begin PBXProject section */
		0526BBEA2030DB36003E278C /* Project object */ = {
			isa = PBXProject;
			attributes = {
				LastSwiftUpdateCheck = 0900;
				LastUpgradeCheck = 0900;
				ORGANIZATIONNAME = "Rafael Luján";
				TargetAttributes = {
					0526BBF12030DB36003E278C = {
						CreatedOnToolsVersion = 9.0.1;
						ProvisioningStyle = Automatic;
					};
					0526BC052030DB36003E278C = {
						CreatedOnToolsVersion = 9.0.1;
						LastSwiftMigration = 0900;
						ProvisioningStyle = Automatic;
						TestTargetID = 0526BBF12030DB36003E278C;
					};
				};
			};
			buildConfigurationList = 0526BBED2030DB36003E278C /* Build configuration list for PBXProject "Westeros" */;
			compatibilityVersion = "Xcode 8.0";
			developmentRegion = en;
			hasScannedForEncodings = 0;
			knownRegions = (
				en,
				Base,
			);
			mainGroup = 0526BBE92030DB36003E278C;
			productRefGroup = 0526BBF32030DB36003E278C /* Products */;
			projectDirPath = "";
			projectRoot = "";
			targets = (
				0526BBF12030DB36003E278C /* Westeros */,
				0526BC052030DB36003E278C /* WesterosTests */,
			);
		};
/* End PBXProject section */

/* Begin PBXResourcesBuildPhase section */
		0526BBF02030DB36003E278C /* Resources */ = {
			isa = PBXResourcesBuildPhase;
			buildActionMask = 2147483647;
			files = (
				0521BD2B203742D5000D0DFD /* HouseListTableViewController.xib in Resources */,
				0546FA0C203238C000E0F003 /* codeIsComing.png in Resources */,
				05C13A0B20362B8F00D63E08 /* WikiViewController.xib in Resources */,
				0526BC002030DB36003E278C /* LaunchScreen.storyboard in Resources */,
				05356FC2203B68BE00DD5902 /* MemberListViewController.xib in Resources */,
				0546FA1320323A8700E0F003 /* HouseDetailViewController.xib in Resources */,
				0546FA0E203238C000E0F003 /* lannister.jpg in Resources */,
				0526BBFD2030DB36003E278C /* Assets.xcassets in Resources */,
				0546FA0D203238C000E0F003 /* targaryenSmall.jpg in Resources */,
			);
			runOnlyForDeploymentPostprocessing = 0;
		};
		0526BC042030DB36003E278C /* Resources */ = {
			isa = PBXResourcesBuildPhase;
			buildActionMask = 2147483647;
			files = (
			);
			runOnlyForDeploymentPostprocessing = 0;
		};
/* End PBXResourcesBuildPhase section */

/* Begin PBXSourcesBuildPhase section */
		0526BBEE2030DB36003E278C /* Sources */ = {
			isa = PBXSourcesBuildPhase;
			buildActionMask = 2147483647;
			files = (
				0546FA1220323A8700E0F003 /* HouseDetailViewController.swift in Sources */,
				0526BC1D2030F5B5003E278C /* Person.swift in Sources */,
				0526BC182030EE1F003E278C /* House.swift in Sources */,
				056D06BA20337C890051A23F /* UIViewController+Additions.swift in Sources */,
				0521BD2A203742D5000D0DFD /* HouseListTableViewController.swift in Sources */,
				0526BBF62030DB36003E278C /* AppDelegate.swift in Sources */,
				056D06BE2033816F0051A23F /* Repository.swift in Sources */,
				05C13A0A20362B8F00D63E08 /* WikiViewController.swift in Sources */,
				05356FC1203B68BE00DD5902 /* MemberListViewController.swift in Sources */,
			);
			runOnlyForDeploymentPostprocessing = 0;
		};
		0526BC022030DB36003E278C /* Sources */ = {
			isa = PBXSourcesBuildPhase;
			buildActionMask = 2147483647;
			files = (
				0526BC162030ECB7003E278C /* HouseTests.swift in Sources */,
				056D06BC203380800051A23F /* FactoryTests.swift in Sources */,
				0526BC1B2030F548003E278C /* PersonTests.swift in Sources */,
			);
			runOnlyForDeploymentPostprocessing = 0;
		};
/* End PBXSourcesBuildPhase section */

/* Begin PBXTargetDependency section */
		0526BC082030DB36003E278C /* PBXTargetDependency */ = {
			isa = PBXTargetDependency;
			target = 0526BBF12030DB36003E278C /* Westeros */;
			targetProxy = 0526BC072030DB36003E278C /* PBXContainerItemProxy */;
		};
/* End PBXTargetDependency section */

/* Begin PBXVariantGroup section */
		0526BBFE2030DB36003E278C /* LaunchScreen.storyboard */ = {
			isa = PBXVariantGroup;
			children = (
				0526BBFF2030DB36003E278C /* Base */,
			);
			name = LaunchScreen.storyboard;
			sourceTree = "<group>";
		};
/* End PBXVariantGroup section */

/* Begin XCBuildConfiguration section */
		0526BC0D2030DB36003E278C /* Debug */ = {
			isa = XCBuildConfiguration;
			buildSettings = {
				ALWAYS_SEARCH_USER_PATHS = NO;
				CLANG_ANALYZER_NONNULL = YES;
				CLANG_ANALYZER_NUMBER_OBJECT_CONVERSION = YES_AGGRESSIVE;
				CLANG_CXX_LANGUAGE_STANDARD = "gnu++14";
				CLANG_CXX_LIBRARY = "libc++";
				CLANG_ENABLE_MODULES = YES;
				CLANG_ENABLE_OBJC_ARC = YES;
				CLANG_WARN_BLOCK_CAPTURE_AUTORELEASING = YES;
				CLANG_WARN_BOOL_CONVERSION = YES;
				CLANG_WARN_COMMA = YES;
				CLANG_WARN_CONSTANT_CONVERSION = YES;
				CLANG_WARN_DIRECT_OBJC_ISA_USAGE = YES_ERROR;
				CLANG_WARN_DOCUMENTATION_COMMENTS = YES;
				CLANG_WARN_EMPTY_BODY = YES;
				CLANG_WARN_ENUM_CONVERSION = YES;
				CLANG_WARN_INFINITE_RECURSION = YES;
				CLANG_WARN_INT_CONVERSION = YES;
				CLANG_WARN_NON_LITERAL_NULL_CONVERSION = YES;
				CLANG_WARN_OBJC_LITERAL_CONVERSION = YES;
				CLANG_WARN_OBJC_ROOT_CLASS = YES_ERROR;
				CLANG_WARN_RANGE_LOOP_ANALYSIS = YES;
				CLANG_WARN_STRICT_PROTOTYPES = YES;
				CLANG_WARN_SUSPICIOUS_MOVE = YES;
				CLANG_WARN_UNGUARDED_AVAILABILITY = YES_AGGRESSIVE;
				CLANG_WARN_UNREACHABLE_CODE = YES;
				CLANG_WARN__DUPLICATE_METHOD_MATCH = YES;
				CODE_SIGN_IDENTITY = "iPhone Developer";
				COPY_PHASE_STRIP = NO;
				DEBUG_INFORMATION_FORMAT = dwarf;
				ENABLE_STRICT_OBJC_MSGSEND = YES;
				ENABLE_TESTABILITY = YES;
				GCC_C_LANGUAGE_STANDARD = gnu11;
				GCC_DYNAMIC_NO_PIC = NO;
				GCC_NO_COMMON_BLOCKS = YES;
				GCC_OPTIMIZATION_LEVEL = 0;
				GCC_PREPROCESSOR_DEFINITIONS = (
					"DEBUG=1",
					"$(inherited)",
				);
				GCC_WARN_64_TO_32_BIT_CONVERSION = YES;
				GCC_WARN_ABOUT_RETURN_TYPE = YES_ERROR;
				GCC_WARN_UNDECLARED_SELECTOR = YES;
				GCC_WARN_UNINITIALIZED_AUTOS = YES_AGGRESSIVE;
				GCC_WARN_UNUSED_FUNCTION = YES;
				GCC_WARN_UNUSED_VARIABLE = YES;
				IPHONEOS_DEPLOYMENT_TARGET = 11.0;
				MTL_ENABLE_DEBUG_INFO = YES;
				ONLY_ACTIVE_ARCH = YES;
				SDKROOT = iphoneos;
				SWIFT_ACTIVE_COMPILATION_CONDITIONS = DEBUG;
				SWIFT_OPTIMIZATION_LEVEL = "-Onone";
			};
			name = Debug;
		};
		0526BC0E2030DB36003E278C /* Release */ = {
			isa = XCBuildConfiguration;
			buildSettings = {
				ALWAYS_SEARCH_USER_PATHS = NO;
				CLANG_ANALYZER_NONNULL = YES;
				CLANG_ANALYZER_NUMBER_OBJECT_CONVERSION = YES_AGGRESSIVE;
				CLANG_CXX_LANGUAGE_STANDARD = "gnu++14";
				CLANG_CXX_LIBRARY = "libc++";
				CLANG_ENABLE_MODULES = YES;
				CLANG_ENABLE_OBJC_ARC = YES;
				CLANG_WARN_BLOCK_CAPTURE_AUTORELEASING = YES;
				CLANG_WARN_BOOL_CONVERSION = YES;
				CLANG_WARN_COMMA = YES;
				CLANG_WARN_CONSTANT_CONVERSION = YES;
				CLANG_WARN_DIRECT_OBJC_ISA_USAGE = YES_ERROR;
				CLANG_WARN_DOCUMENTATION_COMMENTS = YES;
				CLANG_WARN_EMPTY_BODY = YES;
				CLANG_WARN_ENUM_CONVERSION = YES;
				CLANG_WARN_INFINITE_RECURSION = YES;
				CLANG_WARN_INT_CONVERSION = YES;
				CLANG_WARN_NON_LITERAL_NULL_CONVERSION = YES;
				CLANG_WARN_OBJC_LITERAL_CONVERSION = YES;
				CLANG_WARN_OBJC_ROOT_CLASS = YES_ERROR;
				CLANG_WARN_RANGE_LOOP_ANALYSIS = YES;
				CLANG_WARN_STRICT_PROTOTYPES = YES;
				CLANG_WARN_SUSPICIOUS_MOVE = YES;
				CLANG_WARN_UNGUARDED_AVAILABILITY = YES_AGGRESSIVE;
				CLANG_WARN_UNREACHABLE_CODE = YES;
				CLANG_WARN__DUPLICATE_METHOD_MATCH = YES;
				CODE_SIGN_IDENTITY = "iPhone Developer";
				COPY_PHASE_STRIP = NO;
				DEBUG_INFORMATION_FORMAT = "dwarf-with-dsym";
				ENABLE_NS_ASSERTIONS = NO;
				ENABLE_STRICT_OBJC_MSGSEND = YES;
				GCC_C_LANGUAGE_STANDARD = gnu11;
				GCC_NO_COMMON_BLOCKS = YES;
				GCC_WARN_64_TO_32_BIT_CONVERSION = YES;
				GCC_WARN_ABOUT_RETURN_TYPE = YES_ERROR;
				GCC_WARN_UNDECLARED_SELECTOR = YES;
				GCC_WARN_UNINITIALIZED_AUTOS = YES_AGGRESSIVE;
				GCC_WARN_UNUSED_FUNCTION = YES;
				GCC_WARN_UNUSED_VARIABLE = YES;
				IPHONEOS_DEPLOYMENT_TARGET = 11.0;
				MTL_ENABLE_DEBUG_INFO = NO;
				SDKROOT = iphoneos;
				SWIFT_OPTIMIZATION_LEVEL = "-Owholemodule";
				VALIDATE_PRODUCT = YES;
			};
			name = Release;
		};
		0526BC102030DB36003E278C /* Debug */ = {
			isa = XCBuildConfiguration;
			buildSettings = {
				ASSETCATALOG_COMPILER_APPICON_NAME = AppIcon;
				CODE_SIGN_STYLE = Automatic;
				DEVELOPMENT_TEAM = 39R7KGM325;
				INFOPLIST_FILE = Westeros/Info.plist;
				LD_RUNPATH_SEARCH_PATHS = "$(inherited) @executable_path/Frameworks";
				PRODUCT_BUNDLE_IDENTIFIER = com.rafaellujan.Westeros;
				PRODUCT_NAME = "$(TARGET_NAME)";
				SWIFT_VERSION = 4.0;
				TARGETED_DEVICE_FAMILY = "1,2";
			};
			name = Debug;
		};
		0526BC112030DB36003E278C /* Release */ = {
			isa = XCBuildConfiguration;
			buildSettings = {
				ASSETCATALOG_COMPILER_APPICON_NAME = AppIcon;
				CODE_SIGN_STYLE = Automatic;
				DEVELOPMENT_TEAM = 39R7KGM325;
				INFOPLIST_FILE = Westeros/Info.plist;
				LD_RUNPATH_SEARCH_PATHS = "$(inherited) @executable_path/Frameworks";
				PRODUCT_BUNDLE_IDENTIFIER = com.rafaellujan.Westeros;
				PRODUCT_NAME = "$(TARGET_NAME)";
				SWIFT_VERSION = 4.0;
				TARGETED_DEVICE_FAMILY = "1,2";
			};
			name = Release;
		};
		0526BC132030DB36003E278C /* Debug */ = {
			isa = XCBuildConfiguration;
			buildSettings = {
				ALWAYS_EMBED_SWIFT_STANDARD_LIBRARIES = YES;
				BUNDLE_LOADER = "$(TEST_HOST)";
				CLANG_ENABLE_MODULES = YES;
				CODE_SIGN_STYLE = Automatic;
				DEVELOPMENT_TEAM = 39R7KGM325;
				INFOPLIST_FILE = WesterosTests/Info.plist;
				LD_RUNPATH_SEARCH_PATHS = "$(inherited) @executable_path/Frameworks @loader_path/Frameworks";
				PRODUCT_BUNDLE_IDENTIFIER = com.rafaellujan.WesterosTests;
				PRODUCT_NAME = "$(TARGET_NAME)";
				SWIFT_OPTIMIZATION_LEVEL = "-Onone";
				SWIFT_VERSION = 4.0;
				TARGETED_DEVICE_FAMILY = "1,2";
				TEST_HOST = "$(BUILT_PRODUCTS_DIR)/Westeros.app/Westeros";
			};
			name = Debug;
		};
		0526BC142030DB36003E278C /* Release */ = {
			isa = XCBuildConfiguration;
			buildSettings = {
				ALWAYS_EMBED_SWIFT_STANDARD_LIBRARIES = YES;
				BUNDLE_LOADER = "$(TEST_HOST)";
				CLANG_ENABLE_MODULES = YES;
				CODE_SIGN_STYLE = Automatic;
				DEVELOPMENT_TEAM = 39R7KGM325;
				INFOPLIST_FILE = WesterosTests/Info.plist;
				LD_RUNPATH_SEARCH_PATHS = "$(inherited) @executable_path/Frameworks @loader_path/Frameworks";
				PRODUCT_BUNDLE_IDENTIFIER = com.rafaellujan.WesterosTests;
				PRODUCT_NAME = "$(TARGET_NAME)";
				SWIFT_VERSION = 4.0;
				TARGETED_DEVICE_FAMILY = "1,2";
				TEST_HOST = "$(BUILT_PRODUCTS_DIR)/Westeros.app/Westeros";
			};
			name = Release;
		};
/* End XCBuildConfiguration section */

/* Begin XCConfigurationList section */
		0526BBED2030DB36003E278C /* Build configuration list for PBXProject "Westeros" */ = {
			isa = XCConfigurationList;
			buildConfigurations = (
				0526BC0D2030DB36003E278C /* Debug */,
				0526BC0E2030DB36003E278C /* Release */,
			);
			defaultConfigurationIsVisible = 0;
			defaultConfigurationName = Release;
		};
		0526BC0F2030DB36003E278C /* Build configuration list for PBXNativeTarget "Westeros" */ = {
			isa = XCConfigurationList;
			buildConfigurations = (
				0526BC102030DB36003E278C /* Debug */,
				0526BC112030DB36003E278C /* Release */,
			);
			defaultConfigurationIsVisible = 0;
			defaultConfigurationName = Release;
		};
		0526BC122030DB36003E278C /* Build configuration list for PBXNativeTarget "WesterosTests" */ = {
			isa = XCConfigurationList;
			buildConfigurations = (
				0526BC132030DB36003E278C /* Debug */,
				0526BC142030DB36003E278C /* Release */,
			);
			defaultConfigurationIsVisible = 0;
			defaultConfigurationName = Release;
		};
/* End XCConfigurationList section */
	};
	rootObject = 0526BBEA2030DB36003E278C /* Project object */;
}
